
Microsoft Visual Studio Solution File, Format Version 12.00
# Visual Studio Version 16
VisualStudioVersion = 16.0.31613.86
MinimumVisualStudioVersion = 10.0.40219.1
Project("{9A19103F-16F7-4668-BE54-9A1E7A4F7556}") = "OrderService", "MassTransitTest\OrderService.csproj", "{370D5BC3-9DC6-48DB-910C-50451FE80CFA}"
EndProject
Project("{9A19103F-16F7-4668-BE54-9A1E7A4F7556}") = "ShipmentService", "ShipmentService\ShipmentService.csproj", "{68961A65-1FC1-4031-A2EA-A928C15C089D}"
EndProject
Project("{9A19103F-16F7-4668-BE54-9A1E7A4F7556}") = "NotificationService", "NotificationService\NotificationService.csproj", "{59AECAA8-353A-4C3E-9225-F16DE556AA53}"
EndProject
Project("{FAE04EC0-301F-11D3-BF4B-00C04F79EFBC}") = "Mecca.Domain.Events", "Domain.Events\Mecca.Domain.Events.csproj", "{EC6B1F34-CE3C-401A-9D24-B083204F4113}"
EndProject
Project("{FAE04EC0-301F-11D3-BF4B-00C04F79EFBC}") = "Mecca.Services.Common", "Mecca.Services.Common\Mecca.Services.Common.csproj", "{A8CE0DEE-AAF5-4EB7-A7BE-80161F505097}"
EndProject
Global
	GlobalSection(SolutionConfigurationPlatforms) = preSolution
		Debug|Any CPU = Debug|Any CPU
		Release|Any CPU = Release|Any CPU
	EndGlobalSection
	GlobalSection(ProjectConfigurationPlatforms) = postSolution
		{370D5BC3-9DC6-48DB-910C-50451FE80CFA}.Debug|Any CPU.ActiveCfg = Debug|Any CPU
		{370D5BC3-9DC6-48DB-910C-50451FE80CFA}.Debug|Any CPU.Build.0 = Debug|Any CPU
		{370D5BC3-9DC6-48DB-910C-50451FE80CFA}.Release|Any CPU.ActiveCfg = Release|Any CPU
		{370D5BC3-9DC6-48DB-910C-50451FE80CFA}.Release|Any CPU.Build.0 = Release|Any CPU
		{68961A65-1FC1-4031-A2EA-A928C15C089D}.Debug|Any CPU.ActiveCfg = Debug|Any CPU
		{68961A65-1FC1-4031-A2EA-A928C15C089D}.Debug|Any CPU.Build.0 = Debug|Any CPU
		{68961A65-1FC1-4031-A2EA-A928C15C089D}.Release|Any CPU.ActiveCfg = Release|Any CPU
		{68961A65-1FC1-4031-A2EA-A928C15C089D}.Release|Any CPU.Build.0 = Release|Any CPU
		{59AECAA8-353A-4C3E-9225-F16DE556AA53}.Debug|Any CPU.ActiveCfg = Debug|Any CPU
		{59AECAA8-353A-4C3E-9225-F16DE556AA53}.Debug|Any CPU.Build.0 = Debug|Any CPU
		{59AECAA8-353A-4C3E-9225-F16DE556AA53}.Release|Any CPU.ActiveCfg = Release|Any CPU
		{59AECAA8-353A-4C3E-9225-F16DE556AA53}.Release|Any CPU.Build.0 = Release|Any CPU
		{EC6B1F34-CE3C-401A-9D24-B083204F4113}.Debug|Any CPU.ActiveCfg = Debug|Any CPU
		{EC6B1F34-CE3C-401A-9D24-B083204F4113}.Debug|Any CPU.Build.0 = Debug|Any CPU
		{EC6B1F34-CE3C-401A-9D24-B083204F4113}.Release|Any CPU.ActiveCfg = Release|Any CPU
		{EC6B1F34-CE3C-401A-9D24-B083204F4113}.Release|Any CPU.Build.0 = Release|Any CPU
		{A8CE0DEE-AAF5-4EB7-A7BE-80161F505097}.Debug|Any CPU.ActiveCfg = Debug|Any CPU
		{A8CE0DEE-AAF5-4EB7-A7BE-80161F505097}.Debug|Any CPU.Build.0 = Debug|Any CPU
		{A8CE0DEE-AAF5-4EB7-A7BE-80161F505097}.Release|Any CPU.ActiveCfg = Release|Any CPU
		{A8CE0DEE-AAF5-4EB7-A7BE-80161F505097}.Release|Any CPU.Build.0 = Release|Any CPU
	EndGlobalSection
	GlobalSection(SolutionProperties) = preSolution
		HideSolutionNode = FALSE
	EndGlobalSection
	GlobalSection(ExtensibilityGlobals) = postSolution
		SolutionGuid = {374FF349-9CEC-460D-9F31-B473EAA568A7}
	EndGlobalSection
EndGlobal
